
Microsoft Visual Studio Solution File, Format Version 10.00
# Visual Studio 2008
Project("{D2ABAB84-BF74-430A-B69E-9DC6D40DDA17}") = "PARM_SSAS", "PARM_SSAS.dwproj", "{D0FCCC2A-3859-4B8B-BCDB-7DD1B25921D0}"
EndProject
Global
	GlobalSection(SolutionConfigurationPlatforms) = preSolution
		Development|Default = Development|Default
	EndGlobalSection
	GlobalSection(ProjectConfigurationPlatforms) = postSolution
		{D0FCCC2A-3859-4B8B-BCDB-7DD1B25921D0}.Development|Default.ActiveCfg = Development
		{D0FCCC2A-3859-4B8B-BCDB-7DD1B25921D0}.Development|Default.Build.0 = Development
		{D0FCCC2A-3859-4B8B-BCDB-7DD1B25921D0}.Development|Default.Deploy.0 = Development
	EndGlobalSection
	GlobalSection(SolutionProperties) = preSolution
		HideSolutionNode = FALSE
	EndGlobalSection
EndGlobal
